
Microsoft Visual Studio Solution File, Format Version 12.00
# Visual Studio Version 16
VisualStudioVersion = 16.0.30907.101
MinimumVisualStudioVersion = 10.0.40219.1
Project("{9A19103F-16F7-4668-BE54-9A1E7A4F7556}") = "EastViewTasksAssignment.API", "EastViewTasksAssigment.API\EastViewTasksAssignment.API.csproj", "{6DF98D15-980C-443A-B8A4-34BAC6C09721}"
EndProject
Project("{9A19103F-16F7-4668-BE54-9A1E7A4F7556}") = "EastViewTasksAssignment.DB", "EastViewTasksAssigment.DB\EastViewTasksAssignment.DB.csproj", "{4E20FEB7-9849-451E-BBE8-40AEF306D4B4}"
EndProject
Global
	GlobalSection(SolutionConfigurationPlatforms) = preSolution
		Debug|Any CPU = Debug|Any CPU
		Release|Any CPU = Release|Any CPU
	EndGlobalSection
	GlobalSection(ProjectConfigurationPlatforms) = postSolution
		{6DF98D15-980C-443A-B8A4-34BAC6C09721}.Debug|Any CPU.ActiveCfg = Debug|Any CPU
		{6DF98D15-980C-443A-B8A4-34BAC6C09721}.Debug|Any CPU.Build.0 = Debug|Any CPU
		{6DF98D15-980C-443A-B8A4-34BAC6C09721}.Release|Any CPU.ActiveCfg = Release|Any CPU
		{6DF98D15-980C-443A-B8A4-34BAC6C09721}.Release|Any CPU.Build.0 = Release|Any CPU
		{4E20FEB7-9849-451E-BBE8-40AEF306D4B4}.Debug|Any CPU.ActiveCfg = Debug|Any CPU
		{4E20FEB7-9849-451E-BBE8-40AEF306D4B4}.Debug|Any CPU.Build.0 = Debug|Any CPU
		{4E20FEB7-9849-451E-BBE8-40AEF306D4B4}.Release|Any CPU.ActiveCfg = Release|Any CPU
		{4E20FEB7-9849-451E-BBE8-40AEF306D4B4}.Release|Any CPU.Build.0 = Release|Any CPU
	EndGlobalSection
	GlobalSection(SolutionProperties) = preSolution
		HideSolutionNode = FALSE
	EndGlobalSection
	GlobalSection(ExtensibilityGlobals) = postSolution
		SolutionGuid = {94D30E2E-4C76-4387-8C54-CDEBD476FD83}
	EndGlobalSection
EndGlobal
